[[package]]
category = "dev"
description = "Atomic file writes."
name = "atomicwrites"
optional = false
python-versions = ">=2.7, !=3.0.*, !=3.1.*, !=3.2.*, !=3.3.*"
version = "1.3.0"

[[package]]
category = "dev"
description = "Classes Without Boilerplate"
name = "attrs"
optional = false
python-versions = ">=2.7, !=3.0.*, !=3.1.*, !=3.2.*, !=3.3.*"
version = "19.1.0"

[[package]]
category = "main"
description = "Python package for providing Mozilla's CA Bundle."
name = "certifi"
optional = false
python-versions = "*"
version = "2019.3.9"

[[package]]
category = "main"
description = "Universal encoding detector for Python 2 and 3"
name = "chardet"
optional = false
python-versions = "*"
version = "3.0.4"

[[package]]
category = "dev"
description = "Cross-platform colored terminal text."
marker = "sys_platform == \"win32\""
name = "colorama"
optional = false
python-versions = ">=2.7, !=3.0.*, !=3.1.*, !=3.2.*, !=3.3.*"
version = "0.4.1"

[[package]]
category = "main"
description = "Better living through Python with decorators"
name = "decorator"
optional = false
python-versions = ">=2.6, !=3.0.*, !=3.1.*"
version = "4.4.0"

[[package]]
category = "main"
description = "Internationalized Domain Names in Applications (IDNA)"
name = "idna"
optional = false
python-versions = ">=2.7, !=3.0.*, !=3.1.*, !=3.2.*, !=3.3.*"
version = "2.8"

[[package]]
category = "main"
description = "A library to calculate python dependency graphs."
name = "importlab"
optional = false
python-versions = ">=2.7.0"
version = "0.5"

[package.dependencies]
networkx = "*"
six = "*"

[[package]]
category = "dev"
description = "More routines for operating on iterables, beyond itertools"
name = "more-itertools"
optional = false
python-versions = ">=3.4"
version = "7.0.0"

[[package]]
category = "main"
description = "Python package for creating and manipulating graphs and networks"
name = "networkx"
optional = false
python-versions = ">=3.5"
version = "2.3"

[package.dependencies]
decorator = ">=4.3.0"

[[package]]
category = "main"
description = "Ninja is a small build system with a focus on speed"
name = "ninja"
optional = false
python-versions = "*"
version = "1.9.0"

[[package]]
category = "dev"
description = "plugin and hook calling mechanisms for python"
name = "pluggy"
optional = false
python-versions = ">=2.7, !=3.0.*, !=3.1.*, !=3.2.*, !=3.3.*"
version = "0.9.0"

[[package]]
category = "dev"
description = "library with cross-python path, ini-parsing, io, code, log facilities"
name = "py"
optional = false
python-versions = ">=2.7, !=3.0.*, !=3.1.*, !=3.2.*, !=3.3.*"
version = "1.8.0"

[[package]]
category = "dev"
description = "pytest: simple powerful testing with Python"
name = "pytest"
optional = false
python-versions = ">=2.7, !=3.0.*, !=3.1.*, !=3.2.*, !=3.3.*"
version = "3.10.1"

[package.dependencies]
atomicwrites = ">=1.0"
attrs = ">=17.4.0"
colorama = "*"
more-itertools = ">=4.0.0"
pluggy = ">=0.7"
py = ">=1.5.0"
setuptools = "*"
six = ">=1.10.0"

[[package]]
category = "main"
description = "Python type inferencer"
name = "pytype"
optional = false
python-versions = "*"
version = "2019.4.19"

[package.dependencies]
importlab = ">=0.5"
ninja = "*"
pyyaml = ">=3.11"
six = "*"
typed_ast = "*"

[[package]]
category = "main"
description = "YAML parser and emitter for Python"
name = "pyyaml"
optional = false
python-versions = "*"
version = "5.1"

[[package]]
category = "main"
description = "Python HTTP for Humans."
name = "requests"
optional = false
python-versions = ">=2.7, !=3.0.*, !=3.1.*, !=3.2.*, !=3.3.*"
version = "2.21.0"

[package.dependencies]
certifi = ">=2017.4.17"
chardet = ">=3.0.2,<3.1.0"
idna = ">=2.5,<2.9"
urllib3 = ">=1.21.1,<1.25"

[[package]]
category = "main"
description = "Python 2 and 3 compatibility utilities"
name = "six"
optional = false
python-versions = ">=2.6, !=3.0.*, !=3.1.*"
version = "1.12.0"

[[package]]
category = "main"
description = "a fork of Python 2 and 3 ast modules with type comment support"
name = "typed-ast"
optional = false
python-versions = "*"
version = "1.3.4"

[[package]]
category = "main"
description = "HTTP library with thread-safe connection pooling, file post, and more."
name = "urllib3"
optional = false
python-versions = ">=2.7, !=3.0.*, !=3.1.*, !=3.2.*, !=3.3.*, <4"
version = "1.24.2"

[metadata]
content-hash = "94694e96608b72c885e1fc47c575d4caaddd95024d5121cd35d20ac8a15e35bf"
python-versions = "^3.7"

[metadata.hashes]
atomicwrites = ["03472c30eb2c5d1ba9227e4c2ca66ab8287fbfbbda3888aa93dc2e28fc6811b4", "75a9445bac02d8d058d5e1fe689654ba5a6556a1dfd8ce6ec55a0ed79866cfa6"]
attrs = ["69c0dbf2ed392de1cb5ec704444b08a5ef81680a61cb899dc08127123af36a79", "f0b870f674851ecbfbbbd364d6b5cbdff9dcedbc7f3f5e18a6891057f21fe399"]
certifi = ["59b7658e26ca9c7339e00f8f4636cdfe59d34fa37b9b04f6f9e9926b3cece1a5", "b26104d6835d1f5e49452a26eb2ff87fe7090b89dfcaee5ea2212697e1e1d7ae"]
chardet = ["84ab92ed1c4d4f16916e05906b6b75a6c0fb5db821cc65e70cbd64a3e2a5eaae", "fc323ffcaeaed0e0a02bf4d117757b98aed530d9ed4531e3e15460124c106691"]
colorama = ["05eed71e2e327246ad6b38c540c4a3117230b19679b875190486ddd2d721422d", "f8ac84de7840f5b9c4e3347b3c1eaa50f7e49c2b07596221daec5edaabbd7c48"]
decorator = ["86156361c50488b84a3f148056ea716ca587df2f0de1d34750d35c21312725de", "f069f3a01830ca754ba5258fde2278454a0b5b79e0d7f5c13b3b97e57d4acff6"]
idna = ["c357b3f628cf53ae2c4c05627ecc484553142ca23264e593d327bcde5e9c3407", "ea8b7f6188e6fa117537c3df7da9fc686d485087abf6ac197f9c46432f7e4a3c"]
importlab = ["ab3a0bf77a326de577e3c7f643ec304f83fed93cb1056638560d832413d6e736"]
more-itertools = ["2112d2ca570bb7c3e53ea1a35cd5df42bb0fd10c45f0fb97178679c3c03d64c7", "c3e4748ba1aad8dba30a4886b0b1a2004f9a863837b8654e7059eebf727afa5a"]
networkx = ["8311ddef63cf5c5c5e7c1d0212dd141d9a1fe3f474915281b73597ed5f1d4e3d"]
ninja = ["082a4a6ed220a96c125b67ca5789de43a93b68c37e514b054ff4cca020cb770a", "1a546669ae2da47dad8cc85a9346a740c33ebf9047c1fad13b017f0cb37371e6", "1cd35f0ddf23d7acf79ffbdba7e8681f9d50e4a7b090997507c436006d56583b", "3e41bdaa990c93331aead5d0ded71af6f9caa7ee082bb9d4ebac2358f68698d5", "440cc8111cb1e336913882d23ab09395c4596f2f255e53db6fc7090056f1a354", "48c68607504aafa044182d4970ad6148b3cf636541e28a9775005c8415240ff0", "50246c22d80c1c57a1e52b3460b74cf7e6e347cd85751c0fbe007aa0c6bc3e32", "68b16cec53872e26da82ca1004cb389fda70c91e96c0ed165840ddde7d7396ef", "724f8992c95420140c5a4c996242887ce317ec2530f9b856da14d209836a5058", "75967e64fb10e04ca256e5b9f4c324ab8ab4d9bea708fdab50308c3fd4d4f397", "77830f061d46f844812a1a259f91292c415059e33f002972ab1934837fa35160", "78c840ef1c94507956dac8810282cade2b139f0fda44c2f4706522415b990816", "95ab95e074d260a36d46d0fc871062908169e67748482d42a7b52be07fff4e7a", "9c1b4d23089702996ace23b6f2ab2db87aaa01c684064e9845d15b378813f43b", "9d8749376f9c612b379857480b0883d3f3e6a02cb8a390206dfce91c583c7b40", "a4719deffd981e4969c01b30a3023c4b62b9287ca55b771a456e46ae44a03530", "a9b3bdaafc80e0faf6d0ad2800e83bb1183abf40c7c5cf0f8b853dc6bd710c77", "c9e2b6c11faf61161a3fbb23cc0555ec5558f3f2c4fed33cb87c3d398ac527a7", "cb1f4f4da96f9959f47518617e2a0185c125d929368d0ac31047ad549f624af5", "dc0921874e6a66cf9bab33988731ee85b277ded685334c47e3d37f80667caef7", "e055fee84e74e6732d26694be150c9787332ec3ee2a2dac58f6b53964cad51b3", "e06afb13dcc9a0df29e302ad5189bf3c7648842436ed68dc009d0a04fceab353", "e324b9320402a78fa45975aa36b7f255cedb57be32f912b13c032355b4851fd9", "e4b07c04a117b8f7d3157fd45451b0a233371471bc61a1bcf554b263b45bcc54", "f66e5ee063df446a656d2441fe07f28f94c4ec8bf943c80b30aabe434f52c322", "f878af6c826ccb7edf1cf3ed12cd317c7ed6ac699047ae0f148a78f5e445a984", "f951f6439bcdcc45a08218bc04f4d88451f74e0c08614dcc0d64e9a5b053bf6e", "ff8d9a5000e4d3099bc2c7b54385f2a4ff895b3b3c5b747ba1ebbd7511b4d4fa"]
pluggy = ["19ecf9ce9db2fce065a7a0586e07cfb4ac8614fe96edf628a264b1c70116cf8f", "84d306a647cc805219916e62aab89caa97a33a1dd8c342e87a37f91073cd4746"]
py = ["64f65755aee5b381cea27766a3a147c3f15b9b6b9ac88676de66ba2ae36793fa", "dc639b046a6e2cff5bbe40194ad65936d6ba360b52b3c3fe1d08a82dd50b5e53"]
pytest = ["3f193df1cfe1d1609d4c583838bea3d532b18d6160fd3f55c9447fdca30848ec", "e246cf173c01169b9617fc07264b7b1316e78d7a650055235d6d897bc80d9660"]
pytype = ["629665f29781fefee7086f779cbceb6a0b19e8860384adc5c92876b28c0d3c1c"]
pyyaml = ["1adecc22f88d38052fb787d959f003811ca858b799590a5eaa70e63dca50308c", "436bc774ecf7c103814098159fbb84c2715d25980175292c648f2da143909f95", "460a5a4248763f6f37ea225d19d5c205677d8d525f6a83357ca622ed541830c2", "5a22a9c84653debfbf198d02fe592c176ea548cccce47553f35f466e15cf2fd4", "7a5d3f26b89d688db27822343dfa25c599627bc92093e788956372285c6298ad", "9372b04a02080752d9e6f990179a4ab840227c6e2ce15b95e1278456664cf2ba", "a5dcbebee834eaddf3fa7366316b880ff4062e4bcc9787b78c7fbb4a26ff2dd1", "aee5bab92a176e7cd034e57f46e9df9a9862a71f8f37cad167c6fc74c65f5b4e", "c51f642898c0bacd335fc119da60baae0824f2cde95b0330b56c0553439f0673", "c68ea4d3ba1705da1e0d85da6684ac657912679a649e8868bd850d2c299cce13", "e23d0cc5299223dcc37885dae624f382297717e459ea24053709675a976a3e19"]
requests = ["502a824f31acdacb3a35b6690b5fbf0bc41d63a24a45c4004352b0242707598e", "7bf2a778576d825600030a110f3c0e3e8edc51dfaafe1c146e39a2027784957b"]
six = ["3350809f0555b11f552448330d0b52d5f24c91a322ea4a15ef22629740f3761c", "d16a0141ec1a18405cd4ce8b4613101da75da0e9a7aec5bdd4fa804d0e0eba73"]
typed-ast = ["04894d268ba6eab7e093d43107869ad49e7b5ef40d1a94243ea49b352061b200", "16616ece19daddc586e499a3d2f560302c11f122b9c692bc216e821ae32aa0d0", "252fdae740964b2d3cdfb3f84dcb4d6247a48a6abe2579e8029ab3be3cdc026c", "2af80a373af123d0b9f44941a46df67ef0ff7a60f95872412a145f4500a7fc99", "2c88d0a913229a06282b285f42a31e063c3bf9071ff65c5ea4c12acb6977c6a7", "2ea99c029ebd4b5a308d915cc7fb95b8e1201d60b065450d5d26deb65d3f2bc1", "3d2e3ab175fc097d2a51c7a0d3fda442f35ebcc93bb1d7bd9b95ad893e44c04d", "4766dd695548a15ee766927bf883fb90c6ac8321be5a60c141f18628fb7f8da8", "56b6978798502ef66625a2e0f80cf923da64e328da8bbe16c1ff928c70c873de", "5cddb6f8bce14325b2863f9d5ac5c51e07b71b462361fd815d1d7706d3a9d682", "644ee788222d81555af543b70a1098f2025db38eaa99226f3a75a6854924d4db", "64cf762049fc4775efe6b27161467e76d0ba145862802a65eefc8879086fc6f8", "68c362848d9fb71d3c3e5f43c09974a0ae319144634e7a47db62f0f2a54a7fa7", "6c1f3c6f6635e611d58e467bf4371883568f0de9ccc4606f17048142dec14a1f", "b213d4a02eec4ddf622f4d2fbc539f062af3788d1f332f028a2e19c42da53f15", "bb27d4e7805a7de0e35bd0cb1411bc85f807968b2b0539597a49a23b00a622ae", "c9d414512eaa417aadae7758bc118868cd2396b0e6138c1dd4fda96679c079d3", "f0937165d1e25477b01081c4763d2d9cdc3b18af69cb259dd4f640c9b900fe5e", "fb96a6e2c11059ecf84e6741a319f93f683e440e341d4489c9b161eca251cf2a", "fc71d2d6ae56a091a8d94f33ec9d0f2001d1cb1db423d8b4355debfe9ce689b7"]
urllib3 = ["4c291ca23bbb55c76518905869ef34bdd5f0e46af7afe6861e8375643ffee1a0", "9a247273df709c4fedb38c711e44292304f73f39ab01beda9f6b9fc375669ac3"]
